
Microsoft Visual Studio Solution File, Format Version 12.00
# Visual Studio Version 17
VisualStudioVersion = 17.5.33516.290
MinimumVisualStudioVersion = 10.0.40219.1
Project("{FAE04EC0-301F-11D3-BF4B-00C04F79EFBC}") = "CityInfo.API", "CityInfo.API\CityInfo.API.csproj", "{CE9566EB-4E8F-427D-92BE-993D853DAA36}"
EndProject
Global
	GlobalSection(SolutionConfigurationPlatforms) = preSolution
		Debug|Any CPU = Debug|Any CPU
		Release|Any CPU = Release|Any CPU
	EndGlobalSection
	GlobalSection(ProjectConfigurationPlatforms) = postSolution
		{CE9566EB-4E8F-427D-92BE-993D853DAA36}.Debug|Any CPU.ActiveCfg = Debug|Any CPU
		{CE9566EB-4E8F-427D-92BE-993D853DAA36}.Debug|Any CPU.Build.0 = Debug|Any CPU
		{CE9566EB-4E8F-427D-92BE-993D853DAA36}.Release|Any CPU.ActiveCfg = Release|Any CPU
		{CE9566EB-4E8F-427D-92BE-993D853DAA36}.Release|Any CPU.Build.0 = Release|Any CPU
	EndGlobalSection
	GlobalSection(SolutionProperties) = preSolution
		HideSolutionNode = FALSE
	EndGlobalSection
	GlobalSection(ExtensibilityGlobals) = postSolution
		SolutionGuid = {06AD4090-0E93-4794-93D3-E11CDC767C75}
	EndGlobalSection
EndGlobal
